
Microsoft Visual Studio Solution File, Format Version 12.00
# Visual Studio Version 17
VisualStudioVersion = 17.8.34330.188
MinimumVisualStudioVersion = 10.0.40219.1
Project("{FAE04EC0-301F-11D3-BF4B-00C04F79EFBC}") = "ИМ_лаба_2", "ИМ_лаба_2\ИМ_лаба_2.csproj", "{F58B6FE7-0C96-45D8-8149-997F5BBEA55F}"
EndProject
Global
	GlobalSection(SolutionConfigurationPlatforms) = preSolution
		Debug|Any CPU = Debug|Any CPU
		Release|Any CPU = Release|Any CPU
	EndGlobalSection
	GlobalSection(ProjectConfigurationPlatforms) = postSolution
		{F58B6FE7-0C96-45D8-8149-997F5BBEA55F}.Debug|Any CPU.ActiveCfg = Debug|Any CPU
		{F58B6FE7-0C96-45D8-8149-997F5BBEA55F}.Debug|Any CPU.Build.0 = Debug|Any CPU
		{F58B6FE7-0C96-45D8-8149-997F5BBEA55F}.Release|Any CPU.ActiveCfg = Release|Any CPU
		{F58B6FE7-0C96-45D8-8149-997F5BBEA55F}.Release|Any CPU.Build.0 = Release|Any CPU
	EndGlobalSection
	GlobalSection(SolutionProperties) = preSolution
		HideSolutionNode = FALSE
	EndGlobalSection
	GlobalSection(ExtensibilityGlobals) = postSolution
		SolutionGuid = {40F775E5-E7C4-4168-B50B-15AD7C3118E5}
	EndGlobalSection
EndGlobal
